
Microsoft Visual Studio Solution File, Format Version 12.00
# Visual Studio Version 16
VisualStudioVersion = 16.0.31205.134
MinimumVisualStudioVersion = 10.0.40219.1
Project("{9A19103F-16F7-4668-BE54-9A1E7A4F7556}") = "셔플게임", "셔플게임.csproj", "{B6397D9A-9E67-4F94-A4AE-D9F283C0C195}"
EndProject
Project("{9A19103F-16F7-4668-BE54-9A1E7A4F7556}") = "머드게임", "..\StudyCode02\머드게임.csproj", "{D6159695-DEA0-4B74-BF0E-E5E40DF4B8BD}"
EndProject
Project("{9A19103F-16F7-4668-BE54-9A1E7A4F7556}") = "harrypotter", "..\harrypotter\harrypotter.csproj", "{D0255434-F86E-4532-B150-5F542CB49F5A}"
EndProject
Project("{2150E333-8FDC-42A3-9474-1A3956D46DE8}") = "Solution Items", "Solution Items", "{C1AECF66-6165-4512-830C-95D98E1E8843}"
EndProject
Project("{9A19103F-16F7-4668-BE54-9A1E7A4F7556}") = "Bubble sort", "..\Bubble sort\Bubble sort.csproj", "{527D5511-679C-457A-B6FC-9538DAB81E73}"
EndProject
Project("{FAE04EC0-301F-11D3-BF4B-00C04F79EFBC}") = "Bubble sort_02", "..\Bubble sort_02\Bubble sort_02.csproj", "{99F866C7-D418-46EB-8597-24E73CD076B2}"
EndProject
Global
	GlobalSection(SolutionConfigurationPlatforms) = preSolution
		Debug|Any CPU = Debug|Any CPU
		Release|Any CPU = Release|Any CPU
	EndGlobalSection
	GlobalSection(ProjectConfigurationPlatforms) = postSolution
		{B6397D9A-9E67-4F94-A4AE-D9F283C0C195}.Debug|Any CPU.ActiveCfg = Debug|Any CPU
		{B6397D9A-9E67-4F94-A4AE-D9F283C0C195}.Debug|Any CPU.Build.0 = Debug|Any CPU
		{B6397D9A-9E67-4F94-A4AE-D9F283C0C195}.Release|Any CPU.ActiveCfg = Release|Any CPU
		{B6397D9A-9E67-4F94-A4AE-D9F283C0C195}.Release|Any CPU.Build.0 = Release|Any CPU
		{D6159695-DEA0-4B74-BF0E-E5E40DF4B8BD}.Debug|Any CPU.ActiveCfg = Debug|Any CPU
		{D6159695-DEA0-4B74-BF0E-E5E40DF4B8BD}.Debug|Any CPU.Build.0 = Debug|Any CPU
		{D6159695-DEA0-4B74-BF0E-E5E40DF4B8BD}.Release|Any CPU.ActiveCfg = Release|Any CPU
		{D6159695-DEA0-4B74-BF0E-E5E40DF4B8BD}.Release|Any CPU.Build.0 = Release|Any CPU
		{D0255434-F86E-4532-B150-5F542CB49F5A}.Debug|Any CPU.ActiveCfg = Debug|Any CPU
		{D0255434-F86E-4532-B150-5F542CB49F5A}.Debug|Any CPU.Build.0 = Debug|Any CPU
		{D0255434-F86E-4532-B150-5F542CB49F5A}.Release|Any CPU.ActiveCfg = Release|Any CPU
		{D0255434-F86E-4532-B150-5F542CB49F5A}.Release|Any CPU.Build.0 = Release|Any CPU
		{527D5511-679C-457A-B6FC-9538DAB81E73}.Debug|Any CPU.ActiveCfg = Debug|Any CPU
		{527D5511-679C-457A-B6FC-9538DAB81E73}.Debug|Any CPU.Build.0 = Debug|Any CPU
		{527D5511-679C-457A-B6FC-9538DAB81E73}.Release|Any CPU.ActiveCfg = Release|Any CPU
		{527D5511-679C-457A-B6FC-9538DAB81E73}.Release|Any CPU.Build.0 = Release|Any CPU
		{99F866C7-D418-46EB-8597-24E73CD076B2}.Debug|Any CPU.ActiveCfg = Debug|Any CPU
		{99F866C7-D418-46EB-8597-24E73CD076B2}.Debug|Any CPU.Build.0 = Debug|Any CPU
		{99F866C7-D418-46EB-8597-24E73CD076B2}.Release|Any CPU.ActiveCfg = Release|Any CPU
		{99F866C7-D418-46EB-8597-24E73CD076B2}.Release|Any CPU.Build.0 = Release|Any CPU
	EndGlobalSection
	GlobalSection(SolutionProperties) = preSolution
		HideSolutionNode = FALSE
	EndGlobalSection
	GlobalSection(ExtensibilityGlobals) = postSolution
		SolutionGuid = {32D58C96-C051-4704-AD70-DEF1C19F6A64}
	EndGlobalSection
EndGlobal
